
Microsoft Visual Studio Solution File, Format Version 12.00
# Visual Studio Version 16
VisualStudioVersion = 16.0.31624.102
MinimumVisualStudioVersion = 10.0.40219.1
Project("{FAE04EC0-301F-11D3-BF4B-00C04F79EFBC}") = "Quiz Santiago Sánchez Gòmez", "Quiz Santiago Sánchez Gòmez\Quiz Santiago Sánchez Gòmez.csproj", "{15597D4C-AA4F-4D1A-81D5-F00490DCEF6F}"
EndProject
Global
	GlobalSection(SolutionConfigurationPlatforms) = preSolution
		Debug|Any CPU = Debug|Any CPU
		Release|Any CPU = Release|Any CPU
	EndGlobalSection
	GlobalSection(ProjectConfigurationPlatforms) = postSolution
		{15597D4C-AA4F-4D1A-81D5-F00490DCEF6F}.Debug|Any CPU.ActiveCfg = Debug|Any CPU
		{15597D4C-AA4F-4D1A-81D5-F00490DCEF6F}.Debug|Any CPU.Build.0 = Debug|Any CPU
		{15597D4C-AA4F-4D1A-81D5-F00490DCEF6F}.Release|Any CPU.ActiveCfg = Release|Any CPU
		{15597D4C-AA4F-4D1A-81D5-F00490DCEF6F}.Release|Any CPU.Build.0 = Release|Any CPU
	EndGlobalSection
	GlobalSection(SolutionProperties) = preSolution
		HideSolutionNode = FALSE
	EndGlobalSection
	GlobalSection(ExtensibilityGlobals) = postSolution
		SolutionGuid = {53DEBEF4-B003-4754-9E78-7C0A80F0B272}
	EndGlobalSection
EndGlobal
